{
  "name": "planning",
  "lockfileVersion": 3,
  "requires": true,
  "packages": {
    "": {
      "dependencies": {
        "@fullcalendar/core": "^4.4.0",
        "@fullcalendar/daygrid": "^4.4.0",
        "@fullcalendar/interaction": "^4.4.0",
        "@fullcalendar/list": "^4.4.0",
        "@fullcalendar/rrule": "^4.4.0",
        "@fullcalendar/timegrid": "^4.4.0"
      }
    },
    "node_modules/@fullcalendar/core": {
      "version": "4.4.2",
      "resolved": "https://registry.npmjs.org/@fullcalendar/core/-/core-4.4.2.tgz",
      "integrity": "sha512-vq7KQGuAJ1ieFG5tUqwxwUwmXYtblFOTjHaLAVHo6iEPB52mS7DS45VJfkhaQmX4+5/+BHRpg82G1qkuAINwtg=="
    },
    "node_modules/@fullcalendar/daygrid": {
      "version": "4.4.2",
      "resolved": "https://registry.npmjs.org/@fullcalendar/daygrid/-/daygrid-4.4.2.tgz",
      "integrity": "sha512-axjfMhxEXHShV3r2TZjf+2niJ1C6LdAxkHKmg7mVq4jXtUQHOldU5XsjV0v2lUAt1urJBFi2zajfK8798ukL3Q==",
      "peerDependencies": {
        "@fullcalendar/core": "~4.4.0"
      }
    },
    "node_modules/@fullcalendar/interaction": {
      "version": "4.4.2",
      "resolved": "https://registry.npmjs.org/@fullcalendar/interaction/-/interaction-4.4.2.tgz",
      "integrity": "sha512-3ItpGFnxcYQT4NClqhq93QTQwOI8x3mlMf5M4DgK5avVaSzpv9g8p+opqeotK2yzpFeINps06cuQyB1h7vcv1Q==",
      "peerDependencies": {
        "@fullcalendar/core": "~4.4.0"
      }
    },
    "node_modules/@fullcalendar/list": {
      "version": "4.4.2",
      "resolved": "https://registry.npmjs.org/@fullcalendar/list/-/list-4.4.2.tgz",
      "integrity": "sha512-buhfd0w0PavH3EVZ6DR6kvjb+wPDe16XEpNcPkTpvIxnAziwGBvcUeHUBd9KvtEhOcvs9sAKoYKbU4xwHFK0Wg==",
      "peerDependencies": {
        "@fullcalendar/core": "~4.4.0"
      }
    },
    "node_modules/@fullcalendar/rrule": {
      "version": "4.4.2",
      "resolved": "https://registry.npmjs.org/@fullcalendar/rrule/-/rrule-4.4.2.tgz",
      "integrity": "sha512-pUKHFp62SZbW9X3vvxc8IMnoWpQ6Nt2IBwwPFPAWmebCnUhyDfMf3tpKaV9slUYvW0Cch4Y58tv0EySP27Q2jg==",
      "peerDependencies": {
        "@fullcalendar/core": "~4.4.0",
        "rrule": "^2.6.0"
      }
    },
    "node_modules/@fullcalendar/timegrid": {
      "version": "4.4.2",
      "resolved": "https://registry.npmjs.org/@fullcalendar/timegrid/-/timegrid-4.4.2.tgz",
      "integrity": "sha512-M5an7qii8OUmI4ogY47k5pn2j/qUbLp6sa6Vo0gO182HR5pb9YtrEZnoQhnScok+I0BkDkLFzMQoiAMTjBm2PQ==",
      "dependencies": {
        "@fullcalendar/daygrid": "~4.4.0"
      },
      "peerDependencies": {
        "@fullcalendar/core": "~4.4.0"
      }
    },
    "node_modules/rrule": {
      "version": "2.7.2",
      "resolved": "https://registry.npmjs.org/rrule/-/rrule-2.7.2.tgz",
      "integrity": "sha512-NkBsEEB6FIZOZ3T8frvEBOB243dm46SPufpDckY/Ap/YH24V1zLeMmDY8OA10lk452NdrF621+ynDThE7FQU2A==",
      "peer": true,
      "dependencies": {
        "tslib": "^2.4.0"
      }
    },
    "node_modules/tslib": {
      "version": "2.6.2",
      "resolved": "https://registry.npmjs.org/tslib/-/tslib-2.6.2.tgz",
      "integrity": "sha512-AEYxH93jGFPn/a2iVAwW87VuUIkR1FVUKB77NwMF7nBTDkDrrT/Hpt/IrCJ0QXhW27jTBDcf5ZY7w6RiqTMw2Q==",
      "peer": true
    }
  }
}
